
Microsoft Visual Studio Solution File, Format Version 12.00
# Visual Studio Version 17
VisualStudioVersion = 17.2.32616.157
MinimumVisualStudioVersion = 10.0.40219.1
Project("{FAE04EC0-301F-11D3-BF4B-00C04F79EFBC}") = "Level1Space", "Level1Space\Level1Space.csproj", "{736252A9-FE8C-465F-9631-6AE2FE3CDCB0}"
EndProject
Project("{2150E333-8FDC-42A3-9474-1A3956D46DE8}") = "Tests", "Tests", "{5054D5DA-53DB-45F6-9492-62F5A3BF7C9E}"
EndProject
Project("{FAE04EC0-301F-11D3-BF4B-00C04F79EFBC}") = "Level1SpaceTests", "Tests\Level1SpaceTests\Level1SpaceTests.csproj", "{6B464DC4-092D-446D-940D-8E247D219D8F}"
EndProject
Project("{FAE04EC0-301F-11D3-BF4B-00C04F79EFBC}") = "AlgorithmsDataStructures", "AlgorithmsDataStructures\AlgorithmsDataStructures.csproj", "{1D1E5C11-4197-40FE-8865-E5E04581D141}"
EndProject
Project("{FAE04EC0-301F-11D3-BF4B-00C04F79EFBC}") = "AlgorithmsDataStructuresTests", "Tests\AlgorithmsDataStructuresTests\AlgorithmsDataStructuresTests.csproj", "{9E235639-AF86-4CEA-B77E-CAEDBB2B451A}"
EndProject
Project("{FAE04EC0-301F-11D3-BF4B-00C04F79EFBC}") = "CleanCode", "CleanCode\CleanCode.csproj", "{C24EE911-8C2A-4F25-8B03-1222E9A3E999}"
EndProject
Project("{FAE04EC0-301F-11D3-BF4B-00C04F79EFBC}") = "Recursion", "Recursion\Recursion.csproj", "{E65733E3-DC14-4880-BA33-65694D6B231F}"
EndProject
Project("{FAE04EC0-301F-11D3-BF4B-00C04F79EFBC}") = "RecursionTests", "Tests\RecursionTests\RecursionTests.csproj", "{A43CE20C-0CF4-40CE-8AB6-96CB097D2732}"
EndProject
Project("{FAE04EC0-301F-11D3-BF4B-00C04F79EFBC}") = "AlgorithmsDataStructures2", "AlgorithmsDataStructures2\AlgorithmsDataStructures2.csproj", "{8A2B864C-AD21-409F-8BB2-E014D9E07352}"
EndProject
Project("{FAE04EC0-301F-11D3-BF4B-00C04F79EFBC}") = "AlgorithmDataStructures2Tests", "Tests\AlgorithmDataStructures2Tests\AlgorithmDataStructures2Tests.csproj", "{591DA213-4E7A-4212-9B95-A22CDF8B2F8E}"
EndProject
Project("{FAE04EC0-301F-11D3-BF4B-00C04F79EFBC}") = "DeclarativeParadigm", "DeclarativeParadigm\DeclarativeParadigm.csproj", "{8D0B469D-9085-45FA-951F-B61C2D05D5B2}"
EndProject
Project("{FAE04EC0-301F-11D3-BF4B-00C04F79EFBC}") = "OOAP", "OOAP\OOAP.csproj", "{C962A81C-2FCD-4494-8527-2B115477EAD7}"
EndProject
Project("{FAE04EC0-301F-11D3-BF4B-00C04F79EFBC}") = "OOAPTests", "Tests\OOAPTests\OOAPTests.csproj", "{1E45B310-11EB-4950-9895-B41F548998AD}"
EndProject
Global
	GlobalSection(SolutionConfigurationPlatforms) = preSolution
		Debug|Any CPU = Debug|Any CPU
		Release|Any CPU = Release|Any CPU
	EndGlobalSection
	GlobalSection(ProjectConfigurationPlatforms) = postSolution
		{736252A9-FE8C-465F-9631-6AE2FE3CDCB0}.Debug|Any CPU.ActiveCfg = Debug|Any CPU
		{736252A9-FE8C-465F-9631-6AE2FE3CDCB0}.Debug|Any CPU.Build.0 = Debug|Any CPU
		{736252A9-FE8C-465F-9631-6AE2FE3CDCB0}.Release|Any CPU.ActiveCfg = Release|Any CPU
		{736252A9-FE8C-465F-9631-6AE2FE3CDCB0}.Release|Any CPU.Build.0 = Release|Any CPU
		{6B464DC4-092D-446D-940D-8E247D219D8F}.Debug|Any CPU.ActiveCfg = Debug|Any CPU
		{6B464DC4-092D-446D-940D-8E247D219D8F}.Debug|Any CPU.Build.0 = Debug|Any CPU
		{6B464DC4-092D-446D-940D-8E247D219D8F}.Release|Any CPU.ActiveCfg = Release|Any CPU
		{6B464DC4-092D-446D-940D-8E247D219D8F}.Release|Any CPU.Build.0 = Release|Any CPU
		{1D1E5C11-4197-40FE-8865-E5E04581D141}.Debug|Any CPU.ActiveCfg = Debug|Any CPU
		{1D1E5C11-4197-40FE-8865-E5E04581D141}.Debug|Any CPU.Build.0 = Debug|Any CPU
		{1D1E5C11-4197-40FE-8865-E5E04581D141}.Release|Any CPU.ActiveCfg = Release|Any CPU
		{1D1E5C11-4197-40FE-8865-E5E04581D141}.Release|Any CPU.Build.0 = Release|Any CPU
		{9E235639-AF86-4CEA-B77E-CAEDBB2B451A}.Debug|Any CPU.ActiveCfg = Debug|Any CPU
		{9E235639-AF86-4CEA-B77E-CAEDBB2B451A}.Debug|Any CPU.Build.0 = Debug|Any CPU
		{9E235639-AF86-4CEA-B77E-CAEDBB2B451A}.Release|Any CPU.ActiveCfg = Release|Any CPU
		{9E235639-AF86-4CEA-B77E-CAEDBB2B451A}.Release|Any CPU.Build.0 = Release|Any CPU
		{C24EE911-8C2A-4F25-8B03-1222E9A3E999}.Debug|Any CPU.ActiveCfg = Debug|Any CPU
		{C24EE911-8C2A-4F25-8B03-1222E9A3E999}.Debug|Any CPU.Build.0 = Debug|Any CPU
		{C24EE911-8C2A-4F25-8B03-1222E9A3E999}.Release|Any CPU.ActiveCfg = Release|Any CPU
		{C24EE911-8C2A-4F25-8B03-1222E9A3E999}.Release|Any CPU.Build.0 = Release|Any CPU
		{E65733E3-DC14-4880-BA33-65694D6B231F}.Debug|Any CPU.ActiveCfg = Debug|Any CPU
		{E65733E3-DC14-4880-BA33-65694D6B231F}.Debug|Any CPU.Build.0 = Debug|Any CPU
		{E65733E3-DC14-4880-BA33-65694D6B231F}.Release|Any CPU.ActiveCfg = Release|Any CPU
		{E65733E3-DC14-4880-BA33-65694D6B231F}.Release|Any CPU.Build.0 = Release|Any CPU
		{A43CE20C-0CF4-40CE-8AB6-96CB097D2732}.Debug|Any CPU.ActiveCfg = Debug|Any CPU
		{A43CE20C-0CF4-40CE-8AB6-96CB097D2732}.Debug|Any CPU.Build.0 = Debug|Any CPU
		{A43CE20C-0CF4-40CE-8AB6-96CB097D2732}.Release|Any CPU.ActiveCfg = Release|Any CPU
		{A43CE20C-0CF4-40CE-8AB6-96CB097D2732}.Release|Any CPU.Build.0 = Release|Any CPU
		{8A2B864C-AD21-409F-8BB2-E014D9E07352}.Debug|Any CPU.ActiveCfg = Debug|Any CPU
		{8A2B864C-AD21-409F-8BB2-E014D9E07352}.Debug|Any CPU.Build.0 = Debug|Any CPU
		{8A2B864C-AD21-409F-8BB2-E014D9E07352}.Release|Any CPU.ActiveCfg = Release|Any CPU
		{8A2B864C-AD21-409F-8BB2-E014D9E07352}.Release|Any CPU.Build.0 = Release|Any CPU
		{591DA213-4E7A-4212-9B95-A22CDF8B2F8E}.Debug|Any CPU.ActiveCfg = Debug|Any CPU
		{591DA213-4E7A-4212-9B95-A22CDF8B2F8E}.Debug|Any CPU.Build.0 = Debug|Any CPU
		{591DA213-4E7A-4212-9B95-A22CDF8B2F8E}.Release|Any CPU.ActiveCfg = Release|Any CPU
		{591DA213-4E7A-4212-9B95-A22CDF8B2F8E}.Release|Any CPU.Build.0 = Release|Any CPU
		{8D0B469D-9085-45FA-951F-B61C2D05D5B2}.Debug|Any CPU.ActiveCfg = Debug|Any CPU
		{8D0B469D-9085-45FA-951F-B61C2D05D5B2}.Debug|Any CPU.Build.0 = Debug|Any CPU
		{8D0B469D-9085-45FA-951F-B61C2D05D5B2}.Release|Any CPU.ActiveCfg = Release|Any CPU
		{8D0B469D-9085-45FA-951F-B61C2D05D5B2}.Release|Any CPU.Build.0 = Release|Any CPU
		{C962A81C-2FCD-4494-8527-2B115477EAD7}.Debug|Any CPU.ActiveCfg = Debug|Any CPU
		{C962A81C-2FCD-4494-8527-2B115477EAD7}.Debug|Any CPU.Build.0 = Debug|Any CPU
		{C962A81C-2FCD-4494-8527-2B115477EAD7}.Release|Any CPU.ActiveCfg = Release|Any CPU
		{C962A81C-2FCD-4494-8527-2B115477EAD7}.Release|Any CPU.Build.0 = Release|Any CPU
		{1E45B310-11EB-4950-9895-B41F548998AD}.Debug|Any CPU.ActiveCfg = Debug|Any CPU
		{1E45B310-11EB-4950-9895-B41F548998AD}.Debug|Any CPU.Build.0 = Debug|Any CPU
		{1E45B310-11EB-4950-9895-B41F548998AD}.Release|Any CPU.ActiveCfg = Release|Any CPU
		{1E45B310-11EB-4950-9895-B41F548998AD}.Release|Any CPU.Build.0 = Release|Any CPU
	EndGlobalSection
	GlobalSection(SolutionProperties) = preSolution
		HideSolutionNode = FALSE
	EndGlobalSection
	GlobalSection(NestedProjects) = preSolution
		{6B464DC4-092D-446D-940D-8E247D219D8F} = {5054D5DA-53DB-45F6-9492-62F5A3BF7C9E}
		{9E235639-AF86-4CEA-B77E-CAEDBB2B451A} = {5054D5DA-53DB-45F6-9492-62F5A3BF7C9E}
		{A43CE20C-0CF4-40CE-8AB6-96CB097D2732} = {5054D5DA-53DB-45F6-9492-62F5A3BF7C9E}
		{591DA213-4E7A-4212-9B95-A22CDF8B2F8E} = {5054D5DA-53DB-45F6-9492-62F5A3BF7C9E}
		{1E45B310-11EB-4950-9895-B41F548998AD} = {5054D5DA-53DB-45F6-9492-62F5A3BF7C9E}
	EndGlobalSection
	GlobalSection(ExtensibilityGlobals) = postSolution
		SolutionGuid = {B57CBC45-D4C8-4E44-8CA7-50F74D57441A}
	EndGlobalSection
EndGlobal
